# THIS IS AN AUTOGENERATED FILE. DO NOT EDIT THIS FILE DIRECTLY.
# yarn lockfile v1


csv-parse@^5.3.0:
  version "5.3.0"
  resolved "https://registry.yarnpkg.com/csv-parse/-/csv-parse-5.3.0.tgz#85cc02fc9d1c89bd1b02e69069c960f8b8064322"
  integrity sha512-UXJCGwvJ2fep39purtAn27OUYmxB1JQto+zhZ4QlJpzsirtSFbzLvip1aIgziqNdZp/TptvsKEV5BZSxe10/DQ==

csv-stringify@^6.2.0:
  version "6.2.0"
  resolved "https://registry.yarnpkg.com/csv-stringify/-/csv-stringify-6.2.0.tgz#f89881e8f61293bf5af11f421266b5da7b744030"
  integrity sha512-dcUbQLRTTDcgQxgEU8V9IctkaCwHZjZfzUZ5ZB3RY8Y+pXtdtl5iVQHfGzANytFFkRKanYzBXrkfpNdGR7eviA==

readline-sync@^1.4.10:
  version "1.4.10"
  resolved "https://registry.yarnpkg.com/readline-sync/-/readline-sync-1.4.10.tgz#41df7fbb4b6312d673011594145705bf56d8873b"
  integrity sha512-gNva8/6UAe8QYepIQH/jQ2qn91Qj0B9sYjMBBs3QOB8F2CXcKgLxQaJRP76sWVRQt+QU+8fAkCbCvjjMFu7Ycw==
